
Microsoft Visual Studio Solution File, Format Version 12.00
# Visual Studio Version 17
VisualStudioVersion = 17.3.32929.385
MinimumVisualStudioVersion = 10.0.40219.1
Project("{FAE04EC0-301F-11D3-BF4B-00C04F79EFBC}") = "CVSCronoPro", "WinSayac\CVSCronoPro.csproj", "{C61595C4-BF36-4055-84A1-DF3ABC0D52CB}"
EndProject
Global
	GlobalSection(SolutionConfigurationPlatforms) = preSolution
		Debug|Any CPU = Debug|Any CPU
		Release|Any CPU = Release|Any CPU
	EndGlobalSection
	GlobalSection(ProjectConfigurationPlatforms) = postSolution
		{C61595C4-BF36-4055-84A1-DF3ABC0D52CB}.Debug|Any CPU.ActiveCfg = Debug|Any CPU
		{C61595C4-BF36-4055-84A1-DF3ABC0D52CB}.Debug|Any CPU.Build.0 = Debug|Any CPU
		{C61595C4-BF36-4055-84A1-DF3ABC0D52CB}.Release|Any CPU.ActiveCfg = Release|Any CPU
		{C61595C4-BF36-4055-84A1-DF3ABC0D52CB}.Release|Any CPU.Build.0 = Release|Any CPU
	EndGlobalSection
	GlobalSection(SolutionProperties) = preSolution
		HideSolutionNode = FALSE
	EndGlobalSection
	GlobalSection(ExtensibilityGlobals) = postSolution
		SolutionGuid = {BE45AEA6-61BC-4522-BFC1-3B69ED5F7530}
	EndGlobalSection
EndGlobal
